
Microsoft Visual Studio Solution File, Format Version 12.00
# Visual Studio 2013
VisualStudioVersion = 12.0.40629.0
MinimumVisualStudioVersion = 10.0.40219.1
Project("{FAE04EC0-301F-11D3-BF4B-00C04F79EFBC}") = "PointOfSaleManagementSys", "PointOfSaleManagementSys.csproj", "{69E8EF05-6FFE-4394-88D4-6B0764FAF4BD}"
EndProject
Project("{FAE04EC0-301F-11D3-BF4B-00C04F79EFBC}") = "ManagementConsole", "ManagementConsole\ManagementConsole.csproj", "{C796CA69-289F-4BA8-8578-2602656AC31D}"
EndProject
Global
	GlobalSection(SolutionConfigurationPlatforms) = preSolution
		Debug|Any CPU = Debug|Any CPU
		Release|Any CPU = Release|Any CPU
	EndGlobalSection
	GlobalSection(ProjectConfigurationPlatforms) = postSolution
		{69E8EF05-6FFE-4394-88D4-6B0764FAF4BD}.Debug|Any CPU.ActiveCfg = Debug|Any CPU
		{69E8EF05-6FFE-4394-88D4-6B0764FAF4BD}.Debug|Any CPU.Build.0 = Debug|Any CPU
		{69E8EF05-6FFE-4394-88D4-6B0764FAF4BD}.Release|Any CPU.ActiveCfg = Release|Any CPU
		{69E8EF05-6FFE-4394-88D4-6B0764FAF4BD}.Release|Any CPU.Build.0 = Release|Any CPU
		{C796CA69-289F-4BA8-8578-2602656AC31D}.Debug|Any CPU.ActiveCfg = Debug|Any CPU
		{C796CA69-289F-4BA8-8578-2602656AC31D}.Debug|Any CPU.Build.0 = Debug|Any CPU
		{C796CA69-289F-4BA8-8578-2602656AC31D}.Release|Any CPU.ActiveCfg = Release|Any CPU
		{C796CA69-289F-4BA8-8578-2602656AC31D}.Release|Any CPU.Build.0 = Release|Any CPU
	EndGlobalSection
	GlobalSection(SolutionProperties) = preSolution
		HideSolutionNode = FALSE
	EndGlobalSection
EndGlobal
